<?xml version="1.0" encoding="utf-8"?>
<Project ToolsVersion="4.0" xmlns="http://schemas.microsoft.com/developer/msbuild/2003">
  <ItemGroup>
    <Filter Include="Source Files">
      <UniqueIdentifier>{4FC737F1-C7A5-4376-A066-2A32D752A2FF}</UniqueIdentifier>
      <Extensions>cpp;c;cc;cxx;c++;cppm;ixx;def;odl;idl;hpj;bat;asm;asmx</Extensions>
    </Filter>
    <Filter Include="Header Files">
      <UniqueIdentifier>{93995380-89BD-4b04-88EB-625FBE52EBFB}</UniqueIdentifier>
      <Extensions>h;hh;hpp;hxx;h++;hm;inl;inc;ipp;xsd</Extensions>
    </Filter>
    <Filter Include="Resource Files">
      <UniqueIdentifier>{67DA6AB6-F800-4c08-8B7A-83BB121AAD01}</UniqueIdentifier>
      <Extensions>rc;ico;cur;bmp;dlg;rc2;rct;bin;rgs;gif;jpg;jpeg;jpe;resx;tiff;tif;png;wav;mfcribbon-ms</Extensions>
    </Filter>
    <Filter Include="Dynamic">
      <UniqueIdentifier>{b16a99bb-ee58-4744-9712-7adec0539810}</UniqueIdentifier>
    </Filter>
    <Filter Include="TextureLoaders">
      <UniqueIdentifier>{63c66a40-b791-4e09-94fd-798f2a958c4f}</UniqueIdentifier>
    </Filter>
    <Filter Include="Serialization">
      <UniqueIdentifier>{c2e6b1df-688d-4f1a-a9e8-b3138c07b5ef}</UniqueIdentifier>
    </Filter>
    <Filter Include="LogRelatedStuff">
      <UniqueIdentifier>{fc37e70b-6f83-4ad4-a10c-497215ef47e1}</UniqueIdentifier>
    </Filter>
    <Filter Include="Graphics">
      <UniqueIdentifier>{1b7a2a5c-edbe-4914-915c-b84817c3652a}</UniqueIdentifier>
    </Filter>
    <Filter Include="Graphics\Interfaces">
      <UniqueIdentifier>{2c498b09-db63-4d8e-80c3-fa85f2590c52}</UniqueIdentifier>
    </Filter>
    <Filter Include="Graphics\Implementations">
      <UniqueIdentifier>{7c7adbef-a0b8-4955-b8c6-2c5f7d3dd342}</UniqueIdentifier>
    </Filter>
    <Filter Include="Bindable">
      <UniqueIdentifier>{45f2a89e-e825-48c0-8dea-1a9a122f32c6}</UniqueIdentifier>
    </Filter>
    <Filter Include="Graphics\Debug">
      <UniqueIdentifier>{1d5f521e-0ca5-4459-998d-db911bc511c1}</UniqueIdentifier>
    </Filter>
    <Filter Include="Graphics\Debug\DxErr">
      <UniqueIdentifier>{83a81008-edcf-46a5-98e9-bd912079e0e3}</UniqueIdentifier>
    </Filter>
    <Filter Include="Exception">
      <UniqueIdentifier>{0f1e5666-7bfb-48f1-bc80-2a691dd0279f}</UniqueIdentifier>
    </Filter>
    <Filter Include="Graphics\Implementations\D3D11/Windows">
      <UniqueIdentifier>{9a050646-28b7-4b94-ae39-26822dbc9136}</UniqueIdentifier>
    </Filter>
    <Filter Include="Profiling/Time">
      <UniqueIdentifier>{c16cb057-90b3-43ed-b5cd-d9d65bcdbc9a}</UniqueIdentifier>
    </Filter>
    <Filter Include="Input">
      <UniqueIdentifier>{52031d8b-b5fd-49df-a86e-782f949c6340}</UniqueIdentifier>
    </Filter>
    <Filter Include="Scripting">
      <UniqueIdentifier>{293739cb-d3a4-4443-8014-f7dbfe26510e}</UniqueIdentifier>
    </Filter>
    <Filter Include="Scripting\Members">
      <UniqueIdentifier>{aabb1884-8b08-41d1-b22e-550ac12f51a7}</UniqueIdentifier>
    </Filter>
    <Filter Include="Scripting\Core">
      <UniqueIdentifier>{1940e2f6-43b4-451d-8060-faffacb36184}</UniqueIdentifier>
    </Filter>
    <Filter Include="Scripting\Bridges">
      <UniqueIdentifier>{61e9c3f0-953a-4547-bc62-9fd4e7751589}</UniqueIdentifier>
    </Filter>
    <Filter Include="Hashing">
      <UniqueIdentifier>{e6d3d3fe-0481-4b52-942d-c4ff7dde835d}</UniqueIdentifier>
    </Filter>
    <Filter Include="Scene">
      <UniqueIdentifier>{9919d8d6-a611-43b2-a558-e126f6d3a830}</UniqueIdentifier>
    </Filter>
    <Filter Include="Miscellanious">
      <UniqueIdentifier>{243dc6fe-84b0-4051-9624-fb1de2639856}</UniqueIdentifier>
    </Filter>
    <Filter Include="ImGui">
      <UniqueIdentifier>{79aa9950-c24d-4809-a79d-a283355424e9}</UniqueIdentifier>
    </Filter>
    <Filter Include="Graphics\BindableSystem">
      <UniqueIdentifier>{28e9dd22-147f-4616-a3c9-1995705f7590}</UniqueIdentifier>
    </Filter>
    <Filter Include="FileSystem">
      <UniqueIdentifier>{76eebe2e-ee8d-42f0-bafb-2a07bdaee0bd}</UniqueIdentifier>
    </Filter>
    <Filter Include="Application">
      <UniqueIdentifier>{03c3c94a-2298-4a4d-94c3-9a5498e9ceb3}</UniqueIdentifier>
    </Filter>
    <Filter Include="Events">
      <UniqueIdentifier>{18993d56-9998-45e9-8433-3811cef1da02}</UniqueIdentifier>
    </Filter>
    <Filter Include="CameraSystem">
      <UniqueIdentifier>{697642b7-ca54-4b1e-8c8a-6a4b0ebf24ce}</UniqueIdentifier>
    </Filter>
    <Filter Include="RenderPasses">
      <UniqueIdentifier>{c72af0b6-ddb5-42d3-816e-bde6587f31aa}</UniqueIdentifier>
    </Filter>
  </ItemGroup>
  <ItemGroup>
    <ClCompile Include="ShaderReflector.cpp">
      <Filter>Dynamic</Filter>
    </ClCompile>
    <ClCompile Include="Vertex.cpp">
      <Filter>Dynamic</Filter>
    </ClCompile>
    <ClCompile Include="DynamicConstant.cpp">
      <Filter>Dynamic</Filter>
    </ClCompile>
    <ClCompile Include="DDSTextureLoader.cpp">
      <Filter>TextureLoaders</Filter>
    </ClCompile>
    <ClCompile Include="WICTextureLoader.cpp">
      <Filter>TextureLoaders</Filter>
    </ClCompile>
    <ClCompile Include="main.cpp">
      <Filter>Source Files</Filter>
    </ClCompile>
    <ClCompile Include="ConsoleClass.cpp">
      <Filter>LogRelatedStuff</Filter>
    </ClCompile>
    <ClCompile Include="LayoutCodex.cpp">
      <Filter>Dynamic</Filter>
    </ClCompile>
    <ClCompile Include="InputOutputStream.cpp">
      <Filter>LogRelatedStuff</Filter>
    </ClCompile>
    <ClCompile Include="Manipulators.cpp">
      <Filter>LogRelatedStuff</Filter>
    </ClCompile>
    <ClCompile Include="ConsoleAdapter.cpp">
      <Filter>LogRelatedStuff</Filter>
    </ClCompile>
    <ClCompile Include="Renderer.cpp">
      <Filter>Graphics</Filter>
    </ClCompile>
    <ClCompile Include="dxerr.cpp">
      <Filter>Graphics\Debug\DxErr</Filter>
    </ClCompile>
    <ClCompile Include="DXGIInfoManager.cpp">
      <Filter>Graphics\Debug</Filter>
    </ClCompile>
    <ClCompile Include="WrecklessException.cpp">
      <Filter>Exception</Filter>
    </ClCompile>
    <ClCompile Include="HrException.cpp">
      <Filter>Exception</Filter>
    </ClCompile>
    <ClCompile Include="Bindable.cpp">
      <Filter>Bindable</Filter>
    </ClCompile>
    <ClCompile Include="Win32Window.cpp">
      <Filter>Graphics\Implementations\D3D11/Windows</Filter>
    </ClCompile>
    <ClCompile Include="Timer.cpp">
      <Filter>Profiling/Time</Filter>
    </ClCompile>
    <ClCompile Include="Profiler.cpp">
      <Filter>Profiling/Time</Filter>
    </ClCompile>
    <ClCompile Include="GlobalClock.cpp">
      <Filter>Profiling/Time</Filter>
    </ClCompile>
    <ClCompile Include="GamePad.cpp">
      <Filter>Input</Filter>
    </ClCompile>
    <ClCompile Include="Keyboard.cpp">
      <Filter>Input</Filter>
    </ClCompile>
    <ClCompile Include="Mouse.cpp">
      <Filter>Input</Filter>
    </ClCompile>
    <ClCompile Include="Parameters.cpp">
      <Filter>Scripting\Members</Filter>
    </ClCompile>
    <ClCompile Include="ScriptField.cpp">
      <Filter>Scripting\Members</Filter>
    </ClCompile>
    <ClCompile Include="ScriptMethod.cpp">
      <Filter>Scripting\Members</Filter>
    </ClCompile>
    <ClCompile Include="ScriptParameterList.cpp">
      <Filter>Scripting\Members</Filter>
    </ClCompile>
    <ClCompile Include="ScriptProperty.cpp">
      <Filter>Scripting\Members</Filter>
    </ClCompile>
    <ClCompile Include="ScriptString.cpp">
      <Filter>Scripting\Members</Filter>
    </ClCompile>
    <ClCompile Include="ScriptObject.cpp">
      <Filter>Scripting\Core</Filter>
    </ClCompile>
    <ClCompile Include="ScriptingEngine.cpp">
      <Filter>Scripting\Core</Filter>
    </ClCompile>
    <ClCompile Include="ScriptingError.cpp">
      <Filter>Scripting\Core</Filter>
    </ClCompile>
    <ClCompile Include="ScriptDomain.cpp">
      <Filter>Scripting\Core</Filter>
    </ClCompile>
    <ClCompile Include="ScriptClass.cpp">
      <Filter>Scripting\Core</Filter>
    </ClCompile>
    <ClCompile Include="GamePadCSharp.cpp">
      <Filter>Scripting\Bridges</Filter>
    </ClCompile>
    <ClCompile Include="DebugConsoleCSharp.cpp">
      <Filter>Scripting\Bridges</Filter>
    </ClCompile>
    <ClCompile Include="MouseCSharp.cpp">
      <Filter>Scripting\Bridges</Filter>
    </ClCompile>
    <ClCompile Include="KeyboardCSharp.cpp">
      <Filter>Scripting\Bridges</Filter>
    </ClCompile>
    <ClCompile Include="TimeCSharp.cpp">
      <Filter>Scripting\Bridges</Filter>
    </ClCompile>
    <ClCompile Include="Scene.cpp">
      <Filter>Scene</Filter>
    </ClCompile>
    <ClCompile Include="Entity.cpp">
      <Filter>Scene</Filter>
    </ClCompile>
    <ClCompile Include="FastNoise.cpp">
      <Filter>Miscellanious</Filter>
    </ClCompile>
    <ClCompile Include="Noise.cpp">
      <Filter>Miscellanious</Filter>
    </ClCompile>
    <ClCompile Include="NoiseCSharp.cpp">
      <Filter>Scripting\Bridges</Filter>
    </ClCompile>
    <ClCompile Include="SceneManager.cpp">
      <Filter>Scene</Filter>
    </ClCompile>
    <ClCompile Include="ComponentsCSharp.cpp">
      <Filter>Scripting\Bridges</Filter>
    </ClCompile>
    <ClCompile Include="EntityCSharp.cpp">
      <Filter>Scripting\Bridges</Filter>
    </ClCompile>
    <ClCompile Include="ImGui\ImCurveEdit.cpp">
      <Filter>ImGui</Filter>
    </ClCompile>
    <ClCompile Include="ImGui\ImGradient.cpp">
      <Filter>ImGui</Filter>
    </ClCompile>
    <ClCompile Include="ImGui\imgui.cpp">
      <Filter>ImGui</Filter>
    </ClCompile>
    <ClCompile Include="ImGui\imgui_demo.cpp">
      <Filter>ImGui</Filter>
    </ClCompile>
    <ClCompile Include="ImGui\imgui_draw.cpp">
      <Filter>ImGui</Filter>
    </ClCompile>
    <ClCompile Include="ImGui\imgui_impl_dx11.cpp">
      <Filter>ImGui</Filter>
    </ClCompile>
    <ClCompile Include="ImGui\imgui_impl_win32.cpp">
      <Filter>ImGui</Filter>
    </ClCompile>
    <ClCompile Include="ImGui\imgui_widgets.cpp">
      <Filter>ImGui</Filter>
    </ClCompile>
    <ClCompile Include="ImGui\ImGuizmo.cpp">
      <Filter>ImGui</Filter>
    </ClCompile>
    <ClCompile Include="ImGui\ImSequencer.cpp">
      <Filter>ImGui</Filter>
    </ClCompile>
    <ClCompile Include="FileDialog.cpp">
      <Filter>FileSystem</Filter>
    </ClCompile>
    <ClCompile Include="FileHelper.cpp">
      <Filter>FileSystem</Filter>
    </ClCompile>
    <ClCompile Include="IRenderContext.cpp">
      <Filter>Graphics\Interfaces</Filter>
    </ClCompile>
    <ClCompile Include="D3D11Texture.cpp">
      <Filter>Graphics\Implementations\D3D11/Windows</Filter>
    </ClCompile>
    <ClCompile Include="D3D11Device.cpp">
      <Filter>Graphics\Implementations\D3D11/Windows</Filter>
    </ClCompile>
    <ClCompile Include="StringHelper.cpp">
      <Filter>Miscellanious</Filter>
    </ClCompile>
    <ClCompile Include="D3D11Shader.cpp">
      <Filter>Graphics\Implementations\D3D11/Windows</Filter>
    </ClCompile>
    <ClCompile Include="D3D11SwapChain.cpp">
      <Filter>Graphics\Implementations\D3D11/Windows</Filter>
    </ClCompile>
    <ClCompile Include="D3D11RenderContext.cpp">
      <Filter>Graphics\Implementations\D3D11/Windows</Filter>
    </ClCompile>
    <ClCompile Include="Layer.cpp">
      <Filter>Application</Filter>
    </ClCompile>
    <ClCompile Include="LayerStack.cpp">
      <Filter>Application</Filter>
    </ClCompile>
    <ClCompile Include="ImGuiLayer.cpp">
      <Filter>Application</Filter>
    </ClCompile>
    <ClCompile Include="Application.cpp">
      <Filter>Application</Filter>
    </ClCompile>
    <ClCompile Include="ImGuiLogger.cpp">
      <Filter>LogRelatedStuff</Filter>
    </ClCompile>
    <ClCompile Include="D3D11Buffer.cpp">
      <Filter>Graphics\Implementations\D3D11/Windows</Filter>
    </ClCompile>
    <ClCompile Include="D3D11InputLayout.cpp">
      <Filter>Graphics\Implementations\D3D11/Windows</Filter>
    </ClCompile>
    <ClCompile Include="PerspectiveCamera.cpp">
      <Filter>CameraSystem</Filter>
    </ClCompile>
    <ClCompile Include="OrthogonalCamera.cpp">
      <Filter>CameraSystem</Filter>
    </ClCompile>
    <ClCompile Include="CameraRegistry.cpp">
      <Filter>CameraSystem</Filter>
    </ClCompile>
  </ItemGroup>
  <ItemGroup>
    <ClInclude Include="ShaderReflector.h">
      <Filter>Dynamic</Filter>
    </ClInclude>
    <ClInclude Include="Vertex.h">
      <Filter>Dynamic</Filter>
    </ClInclude>
    <ClInclude Include="DynamicConstant.h">
      <Filter>Dynamic</Filter>
    </ClInclude>
    <ClInclude Include="DDSTextureLoader.h">
      <Filter>TextureLoaders</Filter>
    </ClInclude>
    <ClInclude Include="WICTextureLoader.h">
      <Filter>TextureLoaders</Filter>
    </ClInclude>
    <ClInclude Include="json.hpp">
      <Filter>Serialization</Filter>
    </ClInclude>
    <ClInclude Include="ConsoleClass.h">
      <Filter>LogRelatedStuff</Filter>
    </ClInclude>
    <ClInclude Include="InputOutputStream.h">
      <Filter>LogRelatedStuff</Filter>
    </ClInclude>
    <ClInclude Include="ConditionalNoexcept.h">
      <Filter>Dynamic</Filter>
    </ClInclude>
    <ClInclude Include="CommonInclude.h">
      <Filter>Header Files</Filter>
    </ClInclude>
    <ClInclude Include="Manipulators.h">
      <Filter>LogRelatedStuff</Filter>
    </ClInclude>
    <ClInclude Include="LayoutCodex.h">
      <Filter>Dynamic</Filter>
    </ClInclude>
    <ClInclude Include="Color.h">
      <Filter>Header Files</Filter>
    </ClInclude>
    <ClInclude Include="ConsoleAdapter.h">
      <Filter>LogRelatedStuff</Filter>
    </ClInclude>
    <ClInclude Include="IRenderContext.h">
      <Filter>Graphics\Interfaces</Filter>
    </ClInclude>
    <ClInclude Include="IDevice.h">
      <Filter>Graphics\Interfaces</Filter>
    </ClInclude>
    <ClInclude Include="ITexture.h">
      <Filter>Graphics\Interfaces</Filter>
    </ClInclude>
    <ClInclude Include="IShader.h">
      <Filter>Graphics\Interfaces</Filter>
    </ClInclude>
    <ClInclude Include="Renderer.h">
      <Filter>Graphics</Filter>
    </ClInclude>
    <ClInclude Include="Bindable.h">
      <Filter>Bindable</Filter>
    </ClInclude>
    <ClInclude Include="BindableCodex.h">
      <Filter>Bindable</Filter>
    </ClInclude>
    <ClInclude Include="VertexShader.h">
      <Filter>Bindable</Filter>
    </ClInclude>
    <ClInclude Include="InfoManager.h">
      <Filter>Graphics\Debug</Filter>
    </ClInclude>
    <ClInclude Include="DXGIInfoManager.h">
      <Filter>Graphics\Debug</Filter>
    </ClInclude>
    <ClInclude Include="dxerr.h">
      <Filter>Graphics\Debug\DxErr</Filter>
    </ClInclude>
    <ClInclude Include="WrecklessException.h">
      <Filter>Exception</Filter>
    </ClInclude>
    <ClInclude Include="GraphicsThrowMacros.h">
      <Filter>Exception</Filter>
    </ClInclude>
    <ClInclude Include="WindowsThrowMacros.h">
      <Filter>Exception</Filter>
    </ClInclude>
    <ClInclude Include="HrException.h">
      <Filter>Exception</Filter>
    </ClInclude>
    <ClInclude Include="IWindow.h">
      <Filter>Graphics\Interfaces</Filter>
    </ClInclude>
    <ClInclude Include="D3D11Texture.h">
      <Filter>Graphics\Implementations\D3D11/Windows</Filter>
    </ClInclude>
    <ClInclude Include="D3D11Device.h">
      <Filter>Graphics\Implementations\D3D11/Windows</Filter>
    </ClInclude>
    <ClInclude Include="D3D11RenderContext.h">
      <Filter>Graphics\Implementations\D3D11/Windows</Filter>
    </ClInclude>
    <ClInclude Include="D3D11Shader.h">
      <Filter>Graphics\Implementations\D3D11/Windows</Filter>
    </ClInclude>
    <ClInclude Include="Win32Window.h">
      <Filter>Graphics\Implementations\D3D11/Windows</Filter>
    </ClInclude>
    <ClInclude Include="GraphicsFormats.h">
      <Filter>Graphics</Filter>
    </ClInclude>
    <ClInclude Include="Timer.h">
      <Filter>Profiling/Time</Filter>
    </ClInclude>
    <ClInclude Include="Profiler.h">
      <Filter>Profiling/Time</Filter>
    </ClInclude>
    <ClInclude Include="GlobalClock.h">
      <Filter>Profiling/Time</Filter>
    </ClInclude>
    <ClInclude Include="GamePad.h">
      <Filter>Input</Filter>
    </ClInclude>
    <ClInclude Include="Buttons.h">
      <Filter>Input</Filter>
    </ClInclude>
    <ClInclude Include="GamePadType.h">
      <Filter>Input</Filter>
    </ClInclude>
    <ClInclude Include="Keyboard.h">
      <Filter>Input</Filter>
    </ClInclude>
    <ClInclude Include="Mouse.h">
      <Filter>Input</Filter>
    </ClInclude>
    <ClInclude Include="IParameter.h">
      <Filter>Scripting\Members</Filter>
    </ClInclude>
    <ClInclude Include="Parameters.h">
      <Filter>Scripting\Members</Filter>
    </ClInclude>
    <ClInclude Include="ScriptField.h">
      <Filter>Scripting\Members</Filter>
    </ClInclude>
    <ClInclude Include="ScriptMethod.h">
      <Filter>Scripting\Members</Filter>
    </ClInclude>
    <ClInclude Include="ScriptParameterList.h">
      <Filter>Scripting\Members</Filter>
    </ClInclude>
    <ClInclude Include="ScriptProperty.h">
      <Filter>Scripting\Members</Filter>
    </ClInclude>
    <ClInclude Include="ScriptString.h">
      <Filter>Scripting\Members</Filter>
    </ClInclude>
    <ClInclude Include="ScriptObject.h">
      <Filter>Scripting\Core</Filter>
    </ClInclude>
    <ClInclude Include="ScriptingEngine.h">
      <Filter>Scripting\Core</Filter>
    </ClInclude>
    <ClInclude Include="ScriptingError.h">
      <Filter>Scripting\Core</Filter>
    </ClInclude>
    <ClInclude Include="ScriptDomain.h">
      <Filter>Scripting\Core</Filter>
    </ClInclude>
    <ClInclude Include="ScriptClass.h">
      <Filter>Scripting\Core</Filter>
    </ClInclude>
    <ClInclude Include="GamePadCSharp.h">
      <Filter>Scripting\Bridges</Filter>
    </ClInclude>
    <ClInclude Include="DebugConsoleCSharp.h">
      <Filter>Scripting\Bridges</Filter>
    </ClInclude>
    <ClInclude Include="MouseCSharp.h">
      <Filter>Scripting\Bridges</Filter>
    </ClInclude>
    <ClInclude Include="KeyboardCSharp.h">
      <Filter>Scripting\Bridges</Filter>
    </ClInclude>
    <ClInclude Include="KeyCode.h">
      <Filter>Input</Filter>
    </ClInclude>
    <ClInclude Include="TimeCSharp.h">
      <Filter>Scripting\Bridges</Filter>
    </ClInclude>
    <ClInclude Include="Entity.h">
      <Filter>Scene</Filter>
    </ClInclude>
    <ClInclude Include="Hasher.h">
      <Filter>Hashing</Filter>
    </ClInclude>
    <ClInclude Include="Scene.h">
      <Filter>Scene</Filter>
    </ClInclude>
    <ClInclude Include="Components.h">
      <Filter>Scene</Filter>
    </ClInclude>
    <ClInclude Include="Noise.h">
      <Filter>Miscellanious</Filter>
    </ClInclude>
    <ClInclude Include="FastNoise.h">
      <Filter>Miscellanious</Filter>
    </ClInclude>
    <ClInclude Include="NoiseCSharp.h">
      <Filter>Scripting\Bridges</Filter>
    </ClInclude>
    <ClInclude Include="SceneManager.h">
      <Filter>Scene</Filter>
    </ClInclude>
    <ClInclude Include="ComponentsCSharp.h">
      <Filter>Scripting\Bridges</Filter>
    </ClInclude>
    <ClInclude Include="EntityCSharp.h">
      <Filter>Scripting\Bridges</Filter>
    </ClInclude>
    <ClInclude Include="ImGui\imconfig.h">
      <Filter>ImGui</Filter>
    </ClInclude>
    <ClInclude Include="ImGui\ImCurveEdit.h">
      <Filter>ImGui</Filter>
    </ClInclude>
    <ClInclude Include="ImGui\ImGradient.h">
      <Filter>ImGui</Filter>
    </ClInclude>
    <ClInclude Include="ImGui\imgui.h">
      <Filter>ImGui</Filter>
    </ClInclude>
    <ClInclude Include="ImGui\imgui_impl_dx11.h">
      <Filter>ImGui</Filter>
    </ClInclude>
    <ClInclude Include="ImGui\imgui_impl_win32.h">
      <Filter>ImGui</Filter>
    </ClInclude>
    <ClInclude Include="ImGui\imgui_internal.h">
      <Filter>ImGui</Filter>
    </ClInclude>
    <ClInclude Include="ImGui\ImGuizmo.h">
      <Filter>ImGui</Filter>
    </ClInclude>
    <ClInclude Include="ImGui\ImSequencer.h">
      <Filter>ImGui</Filter>
    </ClInclude>
    <ClInclude Include="ImGui\imstb_rectpack.h">
      <Filter>ImGui</Filter>
    </ClInclude>
    <ClInclude Include="ImGui\imstb_textedit.h">
      <Filter>ImGui</Filter>
    </ClInclude>
    <ClInclude Include="ImGui\imstb_truetype.h">
      <Filter>ImGui</Filter>
    </ClInclude>
    <ClInclude Include="FileDialog.h">
      <Filter>FileSystem</Filter>
    </ClInclude>
    <ClInclude Include="FileHelper.h">
      <Filter>FileSystem</Filter>
    </ClInclude>
    <ClInclude Include="ISwapChain.h">
      <Filter>Graphics\Interfaces</Filter>
    </ClInclude>
    <ClInclude Include="StringHelper.h">
      <Filter>Miscellanious</Filter>
    </ClInclude>
    <ClInclude Include="D3D11SwapChain.h">
      <Filter>Graphics\Implementations\D3D11/Windows</Filter>
    </ClInclude>
    <ClInclude Include="Viewport.h">
      <Filter>Graphics\Interfaces</Filter>
    </ClInclude>
    <ClInclude Include="Application.h">
      <Filter>Application</Filter>
    </ClInclude>
    <ClInclude Include="Event.h">
      <Filter>Events</Filter>
    </ClInclude>
    <ClInclude Include="KeyEvent.h">
      <Filter>Events</Filter>
    </ClInclude>
    <ClInclude Include="MouseEvent.h">
      <Filter>Events</Filter>
    </ClInclude>
    <ClInclude Include="ApplicationEvent.h">
      <Filter>Events</Filter>
    </ClInclude>
    <ClInclude Include="Layer.h">
      <Filter>Application</Filter>
    </ClInclude>
    <ClInclude Include="LayerStack.h">
      <Filter>Application</Filter>
    </ClInclude>
    <ClInclude Include="ImGuiLayer.h">
      <Filter>Application</Filter>
    </ClInclude>
    <ClInclude Include="ImGuiLogger.h">
      <Filter>LogRelatedStuff</Filter>
    </ClInclude>
    <ClInclude Include="IBuffer.h">
      <Filter>Graphics\Interfaces</Filter>
    </ClInclude>
    <ClInclude Include="D3D11Buffer.h">
      <Filter>Graphics\Implementations\D3D11/Windows</Filter>
    </ClInclude>
    <ClInclude Include="IInputLayout.h">
      <Filter>Graphics\Interfaces</Filter>
    </ClInclude>
    <ClInclude Include="D3D11InputLayout.h">
      <Filter>Graphics\Implementations\D3D11/Windows</Filter>
    </ClInclude>
    <ClInclude Include="Topology.h">
      <Filter>Graphics\Interfaces</Filter>
    </ClInclude>
    <ClInclude Include="ISamplerState.h">
      <Filter>Graphics\Interfaces</Filter>
    </ClInclude>
    <ClInclude Include="CameraRegistry.h">
      <Filter>CameraSystem</Filter>
    </ClInclude>
    <ClInclude Include="PerspectiveCamera.h">
      <Filter>CameraSystem</Filter>
    </ClInclude>
    <ClInclude Include="OrthogonalCamera.h">
      <Filter>CameraSystem</Filter>
    </ClInclude>
    <ClInclude Include="VanillaPass.h">
      <Filter>RenderPasses</Filter>
    </ClInclude>
    <ClInclude Include="ShadowMapPass.h">
      <Filter>RenderPasses</Filter>
    </ClInclude>
    <ClInclude Include="TextureDesc.h">
      <Filter>Graphics</Filter>
    </ClInclude>
  </ItemGroup>
  <ItemGroup>
    <None Include="DXGetErrorDescription.inl">
      <Filter>Graphics\Debug\DxErr</Filter>
    </None>
    <None Include="DXGetErrorString.inl">
      <Filter>Graphics\Debug\DxErr</Filter>
    </None>
    <None Include="DXTrace.inl">
      <Filter>Graphics\Debug\DxErr</Filter>
    </None>
  </ItemGroup>
</Project>